
Microsoft Visual Studio Solution File, Format Version 12.00
# Visual Studio Version 16
VisualStudioVersion = 16.0.29326.143
MinimumVisualStudioVersion = 10.0.40219.1
Project("{FAE04EC0-301F-11D3-BF4B-00C04F79EFBC}") = "DotNetty.Extensions", "DotNetty.Extensions\DotNetty.Extensions.csproj", "{E20FF9C2-FD95-4D63-A5CE-210FA3E1F62A}"
EndProject
Project("{2150E333-8FDC-42A3-9474-1A3956D46DE8}") = "example", "example", "{13CF4E11-54B0-4DBE-9DEA-16682B1DD76E}"
EndProject
Project("{FAE04EC0-301F-11D3-BF4B-00C04F79EFBC}") = "TcpSocket.Client", "Example\TcpSocket.Client\TcpSocket.Client.csproj", "{A1A4235C-AADE-49C2-AB1A-CB94D96B6E6F}"
EndProject
Project("{FAE04EC0-301F-11D3-BF4B-00C04F79EFBC}") = "TcpSocket.Server", "Example\TcpSocket.Server\TcpSocket.Server.csproj", "{4850EF1E-4D21-4EBA-A6ED-12F58B18C9A4}"
EndProject
Project("{FAE04EC0-301F-11D3-BF4B-00C04F79EFBC}") = "UdpSocket.Client", "Example\UdpSocket.Client\UdpSocket.Client.csproj", "{2AD71CBA-B560-454F-9A28-40098CC80882}"
EndProject
Project("{FAE04EC0-301F-11D3-BF4B-00C04F79EFBC}") = "UdpSocket.Server", "Example\UdpSocket.Server\UdpSocket.Server.csproj", "{C60FBEA2-54FC-422A-B4C7-068AF247E6EC}"
EndProject
Project("{FAE04EC0-301F-11D3-BF4B-00C04F79EFBC}") = "WebSocket.ConsoleClient", "Example\WebSocket.ConsoleClient\WebSocket.ConsoleClient.csproj", "{B34B7213-5663-4268-9BBD-765DCFC4F79D}"
EndProject
Project("{FAE04EC0-301F-11D3-BF4B-00C04F79EFBC}") = "WebSocket.Server", "Example\WebSocket.Server\WebSocket.Server.csproj", "{8B43FF89-8504-4A68-9AB4-39D434B5E6A0}"
EndProject
Global
	GlobalSection(SolutionConfigurationPlatforms) = preSolution
		Debug|Any CPU = Debug|Any CPU
		Release|Any CPU = Release|Any CPU
	EndGlobalSection
	GlobalSection(ProjectConfigurationPlatforms) = postSolution
		{E20FF9C2-FD95-4D63-A5CE-210FA3E1F62A}.Debug|Any CPU.ActiveCfg = Debug|Any CPU
		{E20FF9C2-FD95-4D63-A5CE-210FA3E1F62A}.Debug|Any CPU.Build.0 = Debug|Any CPU
		{E20FF9C2-FD95-4D63-A5CE-210FA3E1F62A}.Release|Any CPU.ActiveCfg = Release|Any CPU
		{E20FF9C2-FD95-4D63-A5CE-210FA3E1F62A}.Release|Any CPU.Build.0 = Release|Any CPU
		{A1A4235C-AADE-49C2-AB1A-CB94D96B6E6F}.Debug|Any CPU.ActiveCfg = Debug|Any CPU
		{A1A4235C-AADE-49C2-AB1A-CB94D96B6E6F}.Debug|Any CPU.Build.0 = Debug|Any CPU
		{A1A4235C-AADE-49C2-AB1A-CB94D96B6E6F}.Release|Any CPU.ActiveCfg = Release|Any CPU
		{A1A4235C-AADE-49C2-AB1A-CB94D96B6E6F}.Release|Any CPU.Build.0 = Release|Any CPU
		{4850EF1E-4D21-4EBA-A6ED-12F58B18C9A4}.Debug|Any CPU.ActiveCfg = Debug|Any CPU
		{4850EF1E-4D21-4EBA-A6ED-12F58B18C9A4}.Debug|Any CPU.Build.0 = Debug|Any CPU
		{4850EF1E-4D21-4EBA-A6ED-12F58B18C9A4}.Release|Any CPU.ActiveCfg = Release|Any CPU
		{4850EF1E-4D21-4EBA-A6ED-12F58B18C9A4}.Release|Any CPU.Build.0 = Release|Any CPU
		{2AD71CBA-B560-454F-9A28-40098CC80882}.Debug|Any CPU.ActiveCfg = Debug|Any CPU
		{2AD71CBA-B560-454F-9A28-40098CC80882}.Debug|Any CPU.Build.0 = Debug|Any CPU
		{2AD71CBA-B560-454F-9A28-40098CC80882}.Release|Any CPU.ActiveCfg = Release|Any CPU
		{2AD71CBA-B560-454F-9A28-40098CC80882}.Release|Any CPU.Build.0 = Release|Any CPU
		{C60FBEA2-54FC-422A-B4C7-068AF247E6EC}.Debug|Any CPU.ActiveCfg = Debug|Any CPU
		{C60FBEA2-54FC-422A-B4C7-068AF247E6EC}.Debug|Any CPU.Build.0 = Debug|Any CPU
		{C60FBEA2-54FC-422A-B4C7-068AF247E6EC}.Release|Any CPU.ActiveCfg = Release|Any CPU
		{C60FBEA2-54FC-422A-B4C7-068AF247E6EC}.Release|Any CPU.Build.0 = Release|Any CPU
		{B34B7213-5663-4268-9BBD-765DCFC4F79D}.Debug|Any CPU.ActiveCfg = Debug|Any CPU
		{B34B7213-5663-4268-9BBD-765DCFC4F79D}.Debug|Any CPU.Build.0 = Debug|Any CPU
		{B34B7213-5663-4268-9BBD-765DCFC4F79D}.Release|Any CPU.ActiveCfg = Release|Any CPU
		{B34B7213-5663-4268-9BBD-765DCFC4F79D}.Release|Any CPU.Build.0 = Release|Any CPU
		{8B43FF89-8504-4A68-9AB4-39D434B5E6A0}.Debug|Any CPU.ActiveCfg = Debug|Any CPU
		{8B43FF89-8504-4A68-9AB4-39D434B5E6A0}.Debug|Any CPU.Build.0 = Debug|Any CPU
		{8B43FF89-8504-4A68-9AB4-39D434B5E6A0}.Release|Any CPU.ActiveCfg = Release|Any CPU
		{8B43FF89-8504-4A68-9AB4-39D434B5E6A0}.Release|Any CPU.Build.0 = Release|Any CPU
	EndGlobalSection
	GlobalSection(SolutionProperties) = preSolution
		HideSolutionNode = FALSE
	EndGlobalSection
	GlobalSection(NestedProjects) = preSolution
		{A1A4235C-AADE-49C2-AB1A-CB94D96B6E6F} = {13CF4E11-54B0-4DBE-9DEA-16682B1DD76E}
		{4850EF1E-4D21-4EBA-A6ED-12F58B18C9A4} = {13CF4E11-54B0-4DBE-9DEA-16682B1DD76E}
		{2AD71CBA-B560-454F-9A28-40098CC80882} = {13CF4E11-54B0-4DBE-9DEA-16682B1DD76E}
		{C60FBEA2-54FC-422A-B4C7-068AF247E6EC} = {13CF4E11-54B0-4DBE-9DEA-16682B1DD76E}
		{B34B7213-5663-4268-9BBD-765DCFC4F79D} = {13CF4E11-54B0-4DBE-9DEA-16682B1DD76E}
		{8B43FF89-8504-4A68-9AB4-39D434B5E6A0} = {13CF4E11-54B0-4DBE-9DEA-16682B1DD76E}
	EndGlobalSection
	GlobalSection(ExtensibilityGlobals) = postSolution
		SolutionGuid = {72421960-7A68-41A5-BFD4-0C9CEBF4B4C6}
	EndGlobalSection
EndGlobal
