
Microsoft Visual Studio Solution File, Format Version 12.00
# Visual Studio Version 16
VisualStudioVersion = 16.0.29326.143
MinimumVisualStudioVersion = 10.0.40219.1
Project("{FAE04EC0-301F-11D3-BF4B-00C04F79EFBC}") = "DotNetty.Extensions", "DotNetty.Extensions\DotNetty.Extensions.csproj", "{AD38C081-77AB-4552-80D2-A2B35B7EDBE1}"
EndProject
Project("{2150E333-8FDC-42A3-9474-1A3956D46DE8}") = "Example", "Example", "{D92BF87A-4328-4EBA-9187-E90854EE3D81}"
EndProject
Project("{FAE04EC0-301F-11D3-BF4B-00C04F79EFBC}") = "TestUdp1", "TestUdp1\TestUdp1.csproj", "{FD2C277B-363E-440D-B3E5-81DB861A1A7D}"
EndProject
Project("{FAE04EC0-301F-11D3-BF4B-00C04F79EFBC}") = "TestUdp2", "TestUdp2\TestUdp2.csproj", "{73660633-CCF3-4888-8AA7-02A73FF65B29}"
EndProject
Project("{FAE04EC0-301F-11D3-BF4B-00C04F79EFBC}") = "TestTcpServer", "TestTcpServer\TestTcpServer.csproj", "{3F464F91-36D7-4C8B-B68B-A663600AB4C4}"
EndProject
Project("{FAE04EC0-301F-11D3-BF4B-00C04F79EFBC}") = "TestTcpClient", "TestTcpClient\TestTcpClient.csproj", "{B79A17E0-E6FA-48D5-B6D3-7FE153D30C04}"
EndProject
Project("{FAE04EC0-301F-11D3-BF4B-00C04F79EFBC}") = "TestWebSocketServer", "TestWebSocketServer\TestWebSocketServer.csproj", "{FF277A22-2B99-43CF-A6CC-7E8D4D7A1664}"
EndProject
Project("{FAE04EC0-301F-11D3-BF4B-00C04F79EFBC}") = "TestWebSocketClient", "TestWebSocketClient\TestWebSocketClient.csproj", "{958CDD1D-4FC9-4A42-828F-8F94AD1CC32C}"
EndProject
Global
	GlobalSection(SolutionConfigurationPlatforms) = preSolution
		Debug|Any CPU = Debug|Any CPU
		Release|Any CPU = Release|Any CPU
	EndGlobalSection
	GlobalSection(ProjectConfigurationPlatforms) = postSolution
		{AD38C081-77AB-4552-80D2-A2B35B7EDBE1}.Debug|Any CPU.ActiveCfg = Debug|Any CPU
		{AD38C081-77AB-4552-80D2-A2B35B7EDBE1}.Debug|Any CPU.Build.0 = Debug|Any CPU
		{AD38C081-77AB-4552-80D2-A2B35B7EDBE1}.Release|Any CPU.ActiveCfg = Release|Any CPU
		{AD38C081-77AB-4552-80D2-A2B35B7EDBE1}.Release|Any CPU.Build.0 = Release|Any CPU
		{FD2C277B-363E-440D-B3E5-81DB861A1A7D}.Debug|Any CPU.ActiveCfg = Debug|Any CPU
		{FD2C277B-363E-440D-B3E5-81DB861A1A7D}.Debug|Any CPU.Build.0 = Debug|Any CPU
		{FD2C277B-363E-440D-B3E5-81DB861A1A7D}.Release|Any CPU.ActiveCfg = Release|Any CPU
		{FD2C277B-363E-440D-B3E5-81DB861A1A7D}.Release|Any CPU.Build.0 = Release|Any CPU
		{73660633-CCF3-4888-8AA7-02A73FF65B29}.Debug|Any CPU.ActiveCfg = Debug|Any CPU
		{73660633-CCF3-4888-8AA7-02A73FF65B29}.Debug|Any CPU.Build.0 = Debug|Any CPU
		{73660633-CCF3-4888-8AA7-02A73FF65B29}.Release|Any CPU.ActiveCfg = Release|Any CPU
		{73660633-CCF3-4888-8AA7-02A73FF65B29}.Release|Any CPU.Build.0 = Release|Any CPU
		{3F464F91-36D7-4C8B-B68B-A663600AB4C4}.Debug|Any CPU.ActiveCfg = Debug|Any CPU
		{3F464F91-36D7-4C8B-B68B-A663600AB4C4}.Debug|Any CPU.Build.0 = Debug|Any CPU
		{3F464F91-36D7-4C8B-B68B-A663600AB4C4}.Release|Any CPU.ActiveCfg = Release|Any CPU
		{3F464F91-36D7-4C8B-B68B-A663600AB4C4}.Release|Any CPU.Build.0 = Release|Any CPU
		{B79A17E0-E6FA-48D5-B6D3-7FE153D30C04}.Debug|Any CPU.ActiveCfg = Debug|Any CPU
		{B79A17E0-E6FA-48D5-B6D3-7FE153D30C04}.Debug|Any CPU.Build.0 = Debug|Any CPU
		{B79A17E0-E6FA-48D5-B6D3-7FE153D30C04}.Release|Any CPU.ActiveCfg = Release|Any CPU
		{B79A17E0-E6FA-48D5-B6D3-7FE153D30C04}.Release|Any CPU.Build.0 = Release|Any CPU
		{FF277A22-2B99-43CF-A6CC-7E8D4D7A1664}.Debug|Any CPU.ActiveCfg = Debug|Any CPU
		{FF277A22-2B99-43CF-A6CC-7E8D4D7A1664}.Debug|Any CPU.Build.0 = Debug|Any CPU
		{FF277A22-2B99-43CF-A6CC-7E8D4D7A1664}.Release|Any CPU.ActiveCfg = Release|Any CPU
		{FF277A22-2B99-43CF-A6CC-7E8D4D7A1664}.Release|Any CPU.Build.0 = Release|Any CPU
		{958CDD1D-4FC9-4A42-828F-8F94AD1CC32C}.Debug|Any CPU.ActiveCfg = Debug|Any CPU
		{958CDD1D-4FC9-4A42-828F-8F94AD1CC32C}.Debug|Any CPU.Build.0 = Debug|Any CPU
		{958CDD1D-4FC9-4A42-828F-8F94AD1CC32C}.Release|Any CPU.ActiveCfg = Release|Any CPU
		{958CDD1D-4FC9-4A42-828F-8F94AD1CC32C}.Release|Any CPU.Build.0 = Release|Any CPU
	EndGlobalSection
	GlobalSection(SolutionProperties) = preSolution
		HideSolutionNode = FALSE
	EndGlobalSection
	GlobalSection(NestedProjects) = preSolution
		{FD2C277B-363E-440D-B3E5-81DB861A1A7D} = {D92BF87A-4328-4EBA-9187-E90854EE3D81}
		{73660633-CCF3-4888-8AA7-02A73FF65B29} = {D92BF87A-4328-4EBA-9187-E90854EE3D81}
		{3F464F91-36D7-4C8B-B68B-A663600AB4C4} = {D92BF87A-4328-4EBA-9187-E90854EE3D81}
		{B79A17E0-E6FA-48D5-B6D3-7FE153D30C04} = {D92BF87A-4328-4EBA-9187-E90854EE3D81}
		{FF277A22-2B99-43CF-A6CC-7E8D4D7A1664} = {D92BF87A-4328-4EBA-9187-E90854EE3D81}
		{958CDD1D-4FC9-4A42-828F-8F94AD1CC32C} = {D92BF87A-4328-4EBA-9187-E90854EE3D81}
	EndGlobalSection
	GlobalSection(ExtensibilityGlobals) = postSolution
		SolutionGuid = {EB056ACE-39C8-4502-877E-98A2EB63B806}
	EndGlobalSection
EndGlobal
